# THIS IS AN AUTOGENERATED FILE. DO NOT EDIT THIS FILE DIRECTLY.
# yarn lockfile v1


"@jsjoeio/streak-counter@^0.0.4":
  version "0.0.4"
  resolved "https://registry.yarnpkg.com/@jsjoeio/streak-counter/-/streak-counter-0.0.4.tgz#036719900f8c2913a7b37a6aef194c8a9b6572af"
  integrity sha512-GH/HFS/aFDNyMwwa8WYhJ600SWatKS8ksBdvRqOgft3Lu481lhI8gTUp2VrjvZxHVRs8bCt9F6FdeFlbotJOZg==

typescript@^4.8.2:
  version "4.8.2"
  resolved "https://registry.yarnpkg.com/typescript/-/typescript-4.8.2.tgz#e3b33d5ccfb5914e4eeab6699cf208adee3fd790"
  integrity sha512-C0I1UsrrDHo2fYI5oaCGbSejwX4ch+9Y5jTQELvovfmFkK3HHSZJB8MSJcWLmCUBzQBchCrZ9rMRV6GuNrvGtw==
